
Microsoft Visual Studio Solution File, Format Version 11.00
# Visual Studio 2010
Project("{FAE04EC0-301F-11D3-BF4B-00C04F79EFBC}") = "UnityEngine.TestRunner", "UnityEngine.TestRunner.csproj", "{56559fec-d366-89f0-6ce1-c0258a31f87d}"
EndProject
Project("{FAE04EC0-301F-11D3-BF4B-00C04F79EFBC}") = "Unity.Timeline", "Unity.Timeline.csproj", "{a93c9b4c-f28a-0393-1a7e-730e1a2a2a95}"
EndProject
Project("{FAE04EC0-301F-11D3-BF4B-00C04F79EFBC}") = "UnityEngine.UI", "UnityEngine.UI.csproj", "{014ed8c2-3ccc-8d66-5989-8ba008736394}"
EndProject
Project("{FAE04EC0-301F-11D3-BF4B-00C04F79EFBC}") = "Unity.ProBuilder", "Unity.ProBuilder.csproj", "{84eb7a11-9025-a511-7b50-8adaa884d29d}"
EndProject
Project("{FAE04EC0-301F-11D3-BF4B-00C04F79EFBC}") = "Unity.TextMeshPro", "Unity.TextMeshPro.csproj", "{8b1285fb-c65f-6758-654c-c967e0695c65}"
EndProject
Project("{FAE04EC0-301F-11D3-BF4B-00C04F79EFBC}") = "Unity.ProBuilder.Poly2Tri", "Unity.ProBuilder.Poly2Tri.csproj", "{31621b99-8d2f-0512-8e2c-b53e73aa1716}"
EndProject
Project("{FAE04EC0-301F-11D3-BF4B-00C04F79EFBC}") = "Unity.ProBuilder.Csg", "Unity.ProBuilder.Csg.csproj", "{578e4c6e-1423-7ed8-e19b-80f9825d1d84}"
EndProject
Project("{FAE04EC0-301F-11D3-BF4B-00C04F79EFBC}") = "Unity.ProBuilder.KdTree", "Unity.ProBuilder.KdTree.csproj", "{a9dff706-3984-53ba-1b58-6339fa627b6f}"
EndProject
Project("{FAE04EC0-301F-11D3-BF4B-00C04F79EFBC}") = "Unity.ProBuilder.Stl", "Unity.ProBuilder.Stl.csproj", "{a8c458e7-418a-0363-d5b3-f45130d72fa2}"
EndProject
Project("{FAE04EC0-301F-11D3-BF4B-00C04F79EFBC}") = "Assembly-CSharp", "Assembly-CSharp.csproj", "{d89e4a1b-3e30-cb2e-75f7-bd802beabb8c}"
EndProject
Project("{FAE04EC0-301F-11D3-BF4B-00C04F79EFBC}") = "UnityEditor.TestRunner", "UnityEditor.TestRunner.csproj", "{30a218bb-7fb8-9c36-3544-64fce4b767fe}"
EndProject
Project("{FAE04EC0-301F-11D3-BF4B-00C04F79EFBC}") = "Unity.ProBuilder.Editor", "Unity.ProBuilder.Editor.csproj", "{3305f75c-acd6-a572-297c-cefc25a76e42}"
EndProject
Project("{FAE04EC0-301F-11D3-BF4B-00C04F79EFBC}") = "Unity.PlasticSCM.Editor", "Unity.PlasticSCM.Editor.csproj", "{aaaf1e93-b718-bf42-b9e3-b355a97c6104}"
EndProject
Project("{FAE04EC0-301F-11D3-BF4B-00C04F79EFBC}") = "UnityEditor.UI", "UnityEditor.UI.csproj", "{157e2240-7d5f-b380-4246-5206fa34cd7b}"
EndProject
Project("{FAE04EC0-301F-11D3-BF4B-00C04F79EFBC}") = "Unity.Timeline.Editor", "Unity.Timeline.Editor.csproj", "{e24b271e-f646-1800-c584-e71ce03c7416}"
EndProject
Project("{FAE04EC0-301F-11D3-BF4B-00C04F79EFBC}") = "Unity.VisualStudio.Editor", "Unity.VisualStudio.Editor.csproj", "{1efc308c-ad57-2662-f8a2-58ed79725e54}"
EndProject
Project("{FAE04EC0-301F-11D3-BF4B-00C04F79EFBC}") = "Unity.TextMeshPro.Editor", "Unity.TextMeshPro.Editor.csproj", "{db588c6a-df7a-38b2-91ac-c20338327da6}"
EndProject
Project("{FAE04EC0-301F-11D3-BF4B-00C04F79EFBC}") = "Unity.CollabProxy.Editor", "Unity.CollabProxy.Editor.csproj", "{2a91f8c1-45c0-b25f-adfc-eea2e7861e64}"
EndProject
Project("{FAE04EC0-301F-11D3-BF4B-00C04F79EFBC}") = "Unity.Rider.Editor", "Unity.Rider.Editor.csproj", "{7b8979f4-3c58-d34d-4e39-2abf9e5ac020}"
EndProject
Project("{FAE04EC0-301F-11D3-BF4B-00C04F79EFBC}") = "Unity.VSCode.Editor", "Unity.VSCode.Editor.csproj", "{9a2360bd-aa72-f15e-42a8-e450b97029be}"
EndProject
Project("{FAE04EC0-301F-11D3-BF4B-00C04F79EFBC}") = "Unity.ProBuilder.AssetIdRemapUtility", "Unity.ProBuilder.AssetIdRemapUtility.csproj", "{3a4ad03f-36df-0b99-63d5-e2d66ecd21ce}"
EndProject
Project("{FAE04EC0-301F-11D3-BF4B-00C04F79EFBC}") = "Unity.Settings.Editor", "Unity.Settings.Editor.csproj", "{08c4ec87-f23d-1b8a-508a-302aa2ad6adb}"
EndProject
Project("{FAE04EC0-301F-11D3-BF4B-00C04F79EFBC}") = "Unity.ProBuilder.AddOns.Editor", "Unity.ProBuilder.AddOns.Editor.csproj", "{ed0db590-1c17-0890-d5e5-25a518bc17ce}"
EndProject
Global
	GlobalSection(SolutionConfigurationPlatforms) = preSolution
		Debug|Any CPU = Debug|Any CPU
	EndGlobalSection
	GlobalSection(ProjectConfigurationPlatforms) = postSolution
		{56559fec-d366-89f0-6ce1-c0258a31f87d}.Debug|Any CPU.ActiveCfg = Debug|Any CPU
		{56559fec-d366-89f0-6ce1-c0258a31f87d}.Debug|Any CPU.Build.0 = Debug|Any CPU
		{a93c9b4c-f28a-0393-1a7e-730e1a2a2a95}.Debug|Any CPU.ActiveCfg = Debug|Any CPU
		{a93c9b4c-f28a-0393-1a7e-730e1a2a2a95}.Debug|Any CPU.Build.0 = Debug|Any CPU
		{014ed8c2-3ccc-8d66-5989-8ba008736394}.Debug|Any CPU.ActiveCfg = Debug|Any CPU
		{014ed8c2-3ccc-8d66-5989-8ba008736394}.Debug|Any CPU.Build.0 = Debug|Any CPU
		{84eb7a11-9025-a511-7b50-8adaa884d29d}.Debug|Any CPU.ActiveCfg = Debug|Any CPU
		{84eb7a11-9025-a511-7b50-8adaa884d29d}.Debug|Any CPU.Build.0 = Debug|Any CPU
		{8b1285fb-c65f-6758-654c-c967e0695c65}.Debug|Any CPU.ActiveCfg = Debug|Any CPU
		{8b1285fb-c65f-6758-654c-c967e0695c65}.Debug|Any CPU.Build.0 = Debug|Any CPU
		{31621b99-8d2f-0512-8e2c-b53e73aa1716}.Debug|Any CPU.ActiveCfg = Debug|Any CPU
		{31621b99-8d2f-0512-8e2c-b53e73aa1716}.Debug|Any CPU.Build.0 = Debug|Any CPU
		{578e4c6e-1423-7ed8-e19b-80f9825d1d84}.Debug|Any CPU.ActiveCfg = Debug|Any CPU
		{578e4c6e-1423-7ed8-e19b-80f9825d1d84}.Debug|Any CPU.Build.0 = Debug|Any CPU
		{a9dff706-3984-53ba-1b58-6339fa627b6f}.Debug|Any CPU.ActiveCfg = Debug|Any CPU
		{a9dff706-3984-53ba-1b58-6339fa627b6f}.Debug|Any CPU.Build.0 = Debug|Any CPU
		{a8c458e7-418a-0363-d5b3-f45130d72fa2}.Debug|Any CPU.ActiveCfg = Debug|Any CPU
		{a8c458e7-418a-0363-d5b3-f45130d72fa2}.Debug|Any CPU.Build.0 = Debug|Any CPU
		{d89e4a1b-3e30-cb2e-75f7-bd802beabb8c}.Debug|Any CPU.ActiveCfg = Debug|Any CPU
		{d89e4a1b-3e30-cb2e-75f7-bd802beabb8c}.Debug|Any CPU.Build.0 = Debug|Any CPU
		{30a218bb-7fb8-9c36-3544-64fce4b767fe}.Debug|Any CPU.ActiveCfg = Debug|Any CPU
		{30a218bb-7fb8-9c36-3544-64fce4b767fe}.Debug|Any CPU.Build.0 = Debug|Any CPU
		{3305f75c-acd6-a572-297c-cefc25a76e42}.Debug|Any CPU.ActiveCfg = Debug|Any CPU
		{3305f75c-acd6-a572-297c-cefc25a76e42}.Debug|Any CPU.Build.0 = Debug|Any CPU
		{aaaf1e93-b718-bf42-b9e3-b355a97c6104}.Debug|Any CPU.ActiveCfg = Debug|Any CPU
		{aaaf1e93-b718-bf42-b9e3-b355a97c6104}.Debug|Any CPU.Build.0 = Debug|Any CPU
		{157e2240-7d5f-b380-4246-5206fa34cd7b}.Debug|Any CPU.ActiveCfg = Debug|Any CPU
		{157e2240-7d5f-b380-4246-5206fa34cd7b}.Debug|Any CPU.Build.0 = Debug|Any CPU
		{e24b271e-f646-1800-c584-e71ce03c7416}.Debug|Any CPU.ActiveCfg = Debug|Any CPU
		{e24b271e-f646-1800-c584-e71ce03c7416}.Debug|Any CPU.Build.0 = Debug|Any CPU
		{1efc308c-ad57-2662-f8a2-58ed79725e54}.Debug|Any CPU.ActiveCfg = Debug|Any CPU
		{1efc308c-ad57-2662-f8a2-58ed79725e54}.Debug|Any CPU.Build.0 = Debug|Any CPU
		{db588c6a-df7a-38b2-91ac-c20338327da6}.Debug|Any CPU.ActiveCfg = Debug|Any CPU
		{db588c6a-df7a-38b2-91ac-c20338327da6}.Debug|Any CPU.Build.0 = Debug|Any CPU
		{2a91f8c1-45c0-b25f-adfc-eea2e7861e64}.Debug|Any CPU.ActiveCfg = Debug|Any CPU
		{2a91f8c1-45c0-b25f-adfc-eea2e7861e64}.Debug|Any CPU.Build.0 = Debug|Any CPU
		{7b8979f4-3c58-d34d-4e39-2abf9e5ac020}.Debug|Any CPU.ActiveCfg = Debug|Any CPU
		{7b8979f4-3c58-d34d-4e39-2abf9e5ac020}.Debug|Any CPU.Build.0 = Debug|Any CPU
		{9a2360bd-aa72-f15e-42a8-e450b97029be}.Debug|Any CPU.ActiveCfg = Debug|Any CPU
		{9a2360bd-aa72-f15e-42a8-e450b97029be}.Debug|Any CPU.Build.0 = Debug|Any CPU
		{3a4ad03f-36df-0b99-63d5-e2d66ecd21ce}.Debug|Any CPU.ActiveCfg = Debug|Any CPU
		{3a4ad03f-36df-0b99-63d5-e2d66ecd21ce}.Debug|Any CPU.Build.0 = Debug|Any CPU
		{08c4ec87-f23d-1b8a-508a-302aa2ad6adb}.Debug|Any CPU.ActiveCfg = Debug|Any CPU
		{08c4ec87-f23d-1b8a-508a-302aa2ad6adb}.Debug|Any CPU.Build.0 = Debug|Any CPU
		{ed0db590-1c17-0890-d5e5-25a518bc17ce}.Debug|Any CPU.ActiveCfg = Debug|Any CPU
		{ed0db590-1c17-0890-d5e5-25a518bc17ce}.Debug|Any CPU.Build.0 = Debug|Any CPU
	EndGlobalSection
	GlobalSection(SolutionProperties) = preSolution
		HideSolutionNode = FALSE
	EndGlobalSection
EndGlobal
